<Project xmlns="http://schemas.microsoft.com/developer/msbuild/2003">
    <PropertyGroup>
        <ProjectGuid>{30E21D89-D71E-476C-8D36-1F61C60B37EB}</ProjectGuid>
        <MainSource>Project1.dpr</MainSource>
        <Base>True</Base>
        <Config Condition="'$(Config)'==''">Debug</Config>
        <TargetedPlatforms>1</TargetedPlatforms>
        <AppType>Application</AppType>
        <FrameworkType>VCL</FrameworkType>
        <ProjectVersion>19.5</ProjectVersion>
        <Platform Condition="'$(Platform)'==''">Win32</Platform>
    </PropertyGroup>
    <PropertyGroup Condition="'$(Config)'=='Base' or '$(Base)'!=''">
        <Base>true</Base>
    </PropertyGroup>
    <PropertyGroup Condition="('$(Platform)'=='Win32' and '$(Base)'=='true') or '$(Base_Win32)'!=''">
        <Base_Win32>true</Base_Win32>
        <CfgParent>Base</CfgParent>
        <Base>true</Base>
    </PropertyGroup>
    <PropertyGroup Condition="('$(Platform)'=='Win64' and '$(Base)'=='true') or '$(Base_Win64)'!=''">
        <Base_Win64>true</Base_Win64>
        <CfgParent>Base</CfgParent>
        <Base>true</Base>
    </PropertyGroup>
    <PropertyGroup Condition="'$(Config)'=='Release' or '$(Cfg_1)'!=''">
        <Cfg_1>true</Cfg_1>
        <CfgParent>Base</CfgParent>
        <Base>true</Base>
    </PropertyGroup>
    <PropertyGroup Condition="('$(Platform)'=='Win32' and '$(Cfg_1)'=='true') or '$(Cfg_1_Win32)'!=''">
        <Cfg_1_Win32>true</Cfg_1_Win32>
        <CfgParent>Cfg_1</CfgParent>
        <Cfg_1>true</Cfg_1>
        <Base>true</Base>
    </PropertyGroup>
    <PropertyGroup Condition="'$(Config)'=='Debug' or '$(Cfg_2)'!=''">
        <Cfg_2>true</Cfg_2>
        <CfgParent>Base</CfgParent>
        <Base>true</Base>
    </PropertyGroup>
    <PropertyGroup Condition="('$(Platform)'=='Win32' and '$(Cfg_2)'=='true') or '$(Cfg_2_Win32)'!=''">
        <Cfg_2_Win32>true</Cfg_2_Win32>
        <CfgParent>Cfg_2</CfgParent>
        <Cfg_2>true</Cfg_2>
        <Base>true</Base>
    </PropertyGroup>
    <PropertyGroup Condition="'$(Base)'!=''">
        <DCC_E>false</DCC_E>
        <DCC_F>false</DCC_F>
        <DCC_K>false</DCC_K>
        <DCC_N>true</DCC_N>
        <DCC_S>false</DCC_S>
        <DCC_ImageBase>00400000</DCC_ImageBase>
        <DCC_DebugInformation>1</DCC_DebugInformation>
        <DCC_WriteableConstants>true</DCC_WriteableConstants>
        <DCC_SymbolReferenceInfo>1</DCC_SymbolReferenceInfo>
        <DCC_MapFile>3</DCC_MapFile>
        <DCC_UsePackage>Vcl50;Vclx50;VclSmp50;Vcldb50;vclado50;Vclbde50;vcldbx50;TeeUI50;TeeDB50;Tee50;Dss50;VCLIB50;Vclmid50;vclie50;Inetdb50;Inet50;webmid50;dclocx50;FlatStyle_D5;mxFlatPack_D5;ImageIndexEditD4;RxBDE5;fc4000v5;rbTDBC75;rbDBDE75;rbDAD75;rbDIDE75;rbUSER75;rbRCL75;rbBDE75;rbIDE75;rbCIDE75;rbRIDE75;rbRAP75;vclZipForged5;ECLPackd5;vclFlexCompressd5;ZipMaster;SFSPackd5;se_d5;se_db_d5;DynamikSkin;DynamikSkinDB;SingleCMP;ztv50rt;dxmdsd5;dxdbtrd5;dxtrmdd5;dxEdtrD5;dxPageControlD5;dxBarDBNavD5;dxBarD5;dxBarExtDBItemsD5;dxcomnD5;oxMnu5Pk;D5XLR4_R;d5opack;IceLicense_D5;QImport2RT_D5;dclExcelExport5;dclaxserver50;JamShellD5;IceSecure;K102_R50;L207_r50;tdbf_d5r;OQB50;OQBBDE50;Frbde5;FR5;frAddFunction5;PsFRED50;PCBare;S403br50;S403_r50;AppControlsD5;G113_R50;QR4RunD5;QrAddons;QRBASE_D5;globus_delphi5;cxLibraryVCLD5;cxPageControlD5;dxDockingD5;cxEditorsD5;dxELibD5;dxBarExtItemsD5;dxExELD5;ECQDBCD5;EQTLD5;EQGridD5;EQDBTLD5;dxGrEdD5;RichMemoPackD5;dxThemeD5;cxDataD5;cxGridD5;frxADO5;frxBDE5;frxe5;frxIBX5;fs5;frx5;MSI_D5_Rtl;lmd70_d5;lmdbar10_d5;lmd70db_d5;lmdrtf30db_d5;lmdsh30_d5;lmdsp20db_D5;lmdsp20_d5;lmdsys20_d5;lmdtxt70_d5;lmdtxt70db_d5;cxGridUtilsD5;DM15_50;Rz30Ctls50;Rz30DBCtls50;frxDB5;fsADO5;fsBDE5;fsDB5;fsIBX5;CoolPsD5;BcBarMenus50;rbIP75;ip4000v5;ip4000wordvcl5;ip4000clientvcl5;lmdweb30_d5;FxAddFunc;dclAdo5;Ado5;OE;uSec2050;SqlDir50;NMFast50;db405d5r;WinSkinD5R;cxExtEditorsD5;dxPSTLLnkD5;DXPSCORED5;dxPScxGridLnkD5;dxPSdxDBGrLnkD5;DXPSDXDBCTRLLNKD5;dxPSdxDBTLLnkD5;dxPSLnksD5;dxPSdxDBTVLnkD5;dxPSPrVwAdvD5;EXLREPORTRT_D5;SBMySQL50;dxdbord5;dxPScxSSLnkD5;cxSpreadSheetVCLD5;dxsbd5;QLocalRT_D5;RFFRED50;BE3D5;vcleasytabled5;QExportRT_D5;ADO_QImport2RT_D5;DiskControlsD5;vclAccuracerd5;$(DCC_UsePackage)</DCC_UsePackage>
        <DCC_UNSAFE_TYPE>true</DCC_UNSAFE_TYPE>
        <DCC_UNSAFE_CODE>true</DCC_UNSAFE_CODE>
        <DCC_UNSAFE_CAST>true</DCC_UNSAFE_CAST>
        <SanitizedProjectName>Project1</SanitizedProjectName>
        <DCC_Namespace>Vcl;Vcl.Imaging;Vcl.Touch;Vcl.Samples;Vcl.Shell;System;Xml;Data;Datasnap;Web;Soap;Winapi;System.Win;$(DCC_Namespace)</DCC_Namespace>
        <VerInfo_IncludeVerInfo>true</VerInfo_IncludeVerInfo>
        <VerInfo_Locale>1031</VerInfo_Locale>
        <VerInfo_Keys>CompanyName=;FileDescription=;FileVersion=1.0.0.0;InternalName=;LegalCopyright=;LegalTrademarks=;OriginalFilename=;ProductName=;ProductVersion=1.0.0.0;Comments=</VerInfo_Keys>
    </PropertyGroup>
    <PropertyGroup Condition="'$(Base_Win32)'!=''">
        <DCC_Namespace>Data.Win;Datasnap.Win;Web.Win;Soap.Win;Xml.Win;Bde;$(DCC_Namespace)</DCC_Namespace>
        <BT_BuildType>Debug</BT_BuildType>
        <VerInfo_IncludeVerInfo>true</VerInfo_IncludeVerInfo>
        <VerInfo_Keys>CompanyName=;FileDescription=$(MSBuildProjectName);FileVersion=1.0.0.0;InternalName=;LegalCopyright=;LegalTrademarks=;OriginalFilename=;ProductName=$(MSBuildProjectName);ProductVersion=1.0.0.0;Comments=;ProgramID=com.embarcadero.$(MSBuildProjectName)</VerInfo_Keys>
        <VerInfo_Locale>1033</VerInfo_Locale>
        <Manifest_File>$(BDS)\bin\default_app.manifest</Manifest_File>
        <Icon_MainIcon>Project1_Icon.ico</Icon_MainIcon>
        <UWP_DelphiLogo44>$(BDS)\bin\Artwork\Windows\UWP\delphi_UwpDefault_44.png</UWP_DelphiLogo44>
        <UWP_DelphiLogo150>$(BDS)\bin\Artwork\Windows\UWP\delphi_UwpDefault_150.png</UWP_DelphiLogo150>
    </PropertyGroup>
    <PropertyGroup Condition="'$(Base_Win64)'!=''">
        <Icon_MainIcon>Project1_Icon.ico</Icon_MainIcon>
        <UWP_DelphiLogo44>$(BDS)\bin\Artwork\Windows\UWP\delphi_UwpDefault_44.png</UWP_DelphiLogo44>
        <UWP_DelphiLogo150>$(BDS)\bin\Artwork\Windows\UWP\delphi_UwpDefault_150.png</UWP_DelphiLogo150>
    </PropertyGroup>
    <PropertyGroup Condition="'$(Cfg_1)'!=''">
        <DCC_Define>RELEASE;$(DCC_Define)</DCC_Define>
        <DCC_DebugInformation>0</DCC_DebugInformation>
        <DCC_LocalDebugSymbols>false</DCC_LocalDebugSymbols>
        <DCC_SymbolReferenceInfo>0</DCC_SymbolReferenceInfo>
    </PropertyGroup>
    <PropertyGroup Condition="'$(Cfg_1_Win32)'!=''">
        <AppDPIAwarenessMode>PerMonitorV2</AppDPIAwarenessMode>
    </PropertyGroup>
    <PropertyGroup Condition="'$(Cfg_2)'!=''">
        <DCC_Define>DEBUG;$(DCC_Define)</DCC_Define>
        <DCC_Optimize>false</DCC_Optimize>
        <DCC_GenerateStackFrames>true</DCC_GenerateStackFrames>
        <DCC_RangeChecking>true</DCC_RangeChecking>
        <DCC_IntegerOverflowCheck>true</DCC_IntegerOverflowCheck>
    </PropertyGroup>
    <PropertyGroup Condition="'$(Cfg_2_Win32)'!=''">
        <AppDPIAwarenessMode>PerMonitorV2</AppDPIAwarenessMode>
        <VerInfo_Locale>2055</VerInfo_Locale>
        <VerInfo_Keys>CompanyName=;FileDescription=$(MSBuildProjectName);FileVersion=1.0.2.0;InternalName=;LegalCopyright=;LegalTrademarks=;OriginalFilename=;ProductName=$(MSBuildProjectName);ProductVersion=1.0.0.0;Comments=;ProgramID=$0807</VerInfo_Keys>
        <Icon_MainIcon>$(BDS)\bin\delphi_PROJECTICON.ico</Icon_MainIcon>
        <DCC_DebugInformation>0</DCC_DebugInformation>
        <VerInfo_Release>2</VerInfo_Release>
    </PropertyGroup>
    <ItemGroup>
        <DelphiCompile Include="$(MainSource)">
            <MainSource>MainSource</MainSource>
        </DelphiCompile>
        <DCCReference Include="Unit1.pas">
            <Form>Form1</Form>
        </DCCReference>
        <DCCReference Include="Explorer.pas"/>
        <BuildConfiguration Include="Base">
            <Key>Base</Key>
        </BuildConfiguration>
        <BuildConfiguration Include="Release">
            <Key>Cfg_1</Key>
            <CfgParent>Base</CfgParent>
        </BuildConfiguration>
        <BuildConfiguration Include="Debug">
            <Key>Cfg_2</Key>
            <CfgParent>Base</CfgParent>
        </BuildConfiguration>
    </ItemGroup>
    <ProjectExtensions>
        <Borland.Personality>Delphi.Personality.12</Borland.Personality>
        <Borland.ProjectType/>
        <BorlandProject>
            <Delphi.Personality>
                <Source>
                    <Source Name="MainSource">Project1.dpr</Source>
                </Source>
                <Excluded_Packages>
                    <Excluded_Packages Name="$(BDSBIN)\bcboffice2k280.bpl">Embarcadero C++Builder-Package für Office 2000-Server</Excluded_Packages>
                    <Excluded_Packages Name="$(BDSBIN)\bcbofficexp280.bpl">Embarcadero C++Builder-Package für Office XP-Server</Excluded_Packages>
                    <Excluded_Packages Name="$(BDSBIN)\dcloffice2k280.bpl">Microsoft Office 2000 Beispiele für gekapselte Komponenten für Automatisierungsserver</Excluded_Packages>
                    <Excluded_Packages Name="$(BDSBIN)\dclofficexp280.bpl">Microsoft Office XP Beispiele für gekapselte Komponenten für Automation Server</Excluded_Packages>
                </Excluded_Packages>
            </Delphi.Personality>
            <Platforms>
                <Platform value="Win32">True</Platform>
                <Platform value="Win64">False</Platform>
            </Platforms>
        </BorlandProject>
        <ProjectFileVersion>12</ProjectFileVersion>
    </ProjectExtensions>
    <Import Project="$(BDS)\Bin\CodeGear.Delphi.Targets" Condition="Exists('$(BDS)\Bin\CodeGear.Delphi.Targets')"/>
    <Import Project="$(APPDATA)\Embarcadero\$(BDSAPPDATABASEDIR)\$(PRODUCTVERSION)\UserTools.proj" Condition="Exists('$(APPDATA)\Embarcadero\$(BDSAPPDATABASEDIR)\$(PRODUCTVERSION)\UserTools.proj')"/>
</Project>
